{
  "name": "@freedom-skills/miniscript-skill",
  "lockfileVersion": 3,
  "requires": true,
  "packages": {
    "": {
      "name": "@freedom-skills/miniscript-skill",
      "dependencies": {
        "@bitcoinerlab/miniscript": "^2.0.0",
        "@bitcoinerlab/miniscript-policies": "^1.1.0"
      }
    },
    "node_modules/@bitcoinerlab/miniscript": {
      "version": "2.0.0",
      "resolved": "https://registry.npmjs.org/@bitcoinerlab/miniscript/-/miniscript-2.0.0.tgz",
      "integrity": "sha512-P8yyubPf6lphmIZfyD/ZbhT/umJX7zH1mKjGql7z0Qt+xuffnz2AueQqq2/01VE2rTIq80VM0oRFdJClGBYx/g==",
      "license": "MIT",
      "dependencies": {
        "bip68": "^1.0.4"
      }
    },
    "node_modules/@bitcoinerlab/miniscript-policies": {
      "version": "1.1.0",
      "resolved": "https://registry.npmjs.org/@bitcoinerlab/miniscript-policies/-/miniscript-policies-1.1.0.tgz",
      "integrity": "sha512-ufbWulrnZeEFwmh7O6Yy+d8W1RP64H4u1LNEEnpYn8JQCUs4tZm39sb3BSE0h4eO5QuszU0Va8QSLa98/1/4bA==",
      "license": "MIT",
      "dependencies": {
        "@bitcoinerlab/miniscript": "^2.0.0",
        "bip68": "^1.0.4"
      }
    },
    "node_modules/bip68": {
      "version": "1.0.4",
      "resolved": "https://registry.npmjs.org/bip68/-/bip68-1.0.4.tgz",
      "integrity": "sha512-O1htyufFTYy3EO0JkHg2CLykdXEtV2ssqw47Gq9A0WByp662xpJnMEB9m43LZjsSDjIAOozWRExlFQk2hlV1XQ==",
      "license": "ISC",
      "engines": {
        "node": ">=4.5.0"
      }
    }
  }
}
